// !$*UTF8*$!
{
	archiveVersion = 1;
	classes = {
	};
	objectVersion = 56;
	objects = {

/* Begin PBXBuildFile section */
		1EDE10822934FEE800B64384 /* ZenQuotesApp.swift in Sources */ = {isa = PBXBuildFile; fileRef = 1EDE10812934FEE800B64384 /* ZenQuotesApp.swift */; };
		1EDE10842934FEE800B64384 /* HomeView.swift in Sources */ = {isa = PBXBuildFile; fileRef = 1EDE10832934FEE800B64384 /* HomeView.swift */; };
		1EDE10862934FEEB00B64384 /* Assets.xcassets in Resources */ = {isa = PBXBuildFile; fileRef = 1EDE10852934FEEB00B64384 /* Assets.xcassets */; };
		1EDE10892934FEEB00B64384 /* Preview Assets.xcassets in Resources */ = {isa = PBXBuildFile; fileRef = 1EDE10882934FEEB00B64384 /* Preview Assets.xcassets */; };
		1EDE109D2934FEEC00B64384 /* DuneQuotesUITests.swift in Sources */ = {isa = PBXBuildFile; fileRef = 1EDE109C2934FEEC00B64384 /* DuneQuotesUITests.swift */; };
		1EDE109F2934FEEC00B64384 /* DuneQuotesUITestsLaunchTests.swift in Sources */ = {isa = PBXBuildFile; fileRef = 1EDE109E2934FEEC00B64384 /* DuneQuotesUITestsLaunchTests.swift */; };
		1EDE10AC29351AC000B64384 /* NetworkingManager.swift in Sources */ = {isa = PBXBuildFile; fileRef = 1EDE10AB29351AC000B64384 /* NetworkingManager.swift */; };
		1EDE10AE29351EAA00B64384 /* APIError.swift in Sources */ = {isa = PBXBuildFile; fileRef = 1EDE10AD29351EAA00B64384 /* APIError.swift */; };
		1EDE10B2293909D900B64384 /* Quote.swift in Sources */ = {isa = PBXBuildFile; fileRef = 1EDE10B1293909D900B64384 /* Quote.swift */; };
		1EDE10B829390E8300B64384 /* APIEndpoint.swift in Sources */ = {isa = PBXBuildFile; fileRef = 1EDE10B729390E8300B64384 /* APIEndpoint.swift */; };
		1EDE10BF2939115D00B64384 /* HomeViewModel.swift in Sources */ = {isa = PBXBuildFile; fileRef = 1EDE10BE2939115D00B64384 /* HomeViewModel.swift */; };
		1EDE10C1293A8B4B00B64384 /* APIFetchState.swift in Sources */ = {isa = PBXBuildFile; fileRef = 1EDE10C0293A8B4B00B64384 /* APIFetchState.swift */; };
		1EDE10C3293A99A700B64384 /* APIEndpointTests.swift in Sources */ = {isa = PBXBuildFile; fileRef = 1EDE10C2293A99A700B64384 /* APIEndpointTests.swift */; };
		1EDE10C5293AAC6300B64384 /* MockURLSessionProtocol.swift in Sources */ = {isa = PBXBuildFile; fileRef = 1EDE10C4293AAC6300B64384 /* MockURLSessionProtocol.swift */; };
		1EDE10CB293AAE6400B64384 /* NetworkingManagerTests.swift in Sources */ = {isa = PBXBuildFile; fileRef = 1EDE10CA293AAE6400B64384 /* NetworkingManagerTests.swift */; };
		1EDE10CE293ABA3A00B64384 /* Quotes.json in Resources */ = {isa = PBXBuildFile; fileRef = 1EDE10CD293ABA3900B64384 /* Quotes.json */; };
		1EDE10D0293ABE2000B64384 /* StaticJSONMapper.swift in Sources */ = {isa = PBXBuildFile; fileRef = 1EDE10CF293ABE2000B64384 /* StaticJSONMapper.swift */; };
		1EDE10D3293B1C8B00B64384 /* PersistenceController.swift in Sources */ = {isa = PBXBuildFile; fileRef = 1EDE10D2293B1C8B00B64384 /* PersistenceController.swift */; };
		1EDE10D9293C6C1B00B64384 /* Storage.xcdatamodeld in Sources */ = {isa = PBXBuildFile; fileRef = 1EDE10D7293C6C1B00B64384 /* Storage.xcdatamodeld */; };
/* End PBXBuildFile section */

/* Begin PBXContainerItemProxy section */
		1EDE108F2934FEEC00B64384 /* PBXContainerItemProxy */ = {
			isa = PBXContainerItemProxy;
			containerPortal = 1EDE10762934FEE800B64384 /* Project object */;
			proxyType = 1;
			remoteGlobalIDString = 1EDE107D2934FEE800B64384;
			remoteInfo = DuneQuotes;
		};
		1EDE10992934FEEC00B64384 /* PBXContainerItemProxy */ = {
			isa = PBXContainerItemProxy;
			containerPortal = 1EDE10762934FEE800B64384 /* Project object */;
			proxyType = 1;
			remoteGlobalIDString = 1EDE107D2934FEE800B64384;
			remoteInfo = DuneQuotes;
		};
/* End PBXContainerItemProxy section */

/* Begin PBXFileReference section */
		1EDE107E2934FEE800B64384 /* ZenQuotes.app */ = {isa = PBXFileReference; explicitFileType = wrapper.application; includeInIndex = 0; path = ZenQuotes.app; sourceTree = BUILT_PRODUCTS_DIR; };
		1EDE10812934FEE800B64384 /* ZenQuotesApp.swift */ = {isa = PBXFileReference; lastKnownFileType = sourcecode.swift; path = ZenQuotesApp.swift; sourceTree = "<group>"; };
		1EDE10832934FEE800B64384 /* HomeView.swift */ = {isa = PBXFileReference; lastKnownFileType = sourcecode.swift; path = HomeView.swift; sourceTree = "<group>"; };
		1EDE10852934FEEB00B64384 /* Assets.xcassets */ = {isa = PBXFileReference; lastKnownFileType = folder.assetcatalog; path = Assets.xcassets; sourceTree = "<group>"; };
		1EDE10882934FEEB00B64384 /* Preview Assets.xcassets */ = {isa = PBXFileReference; lastKnownFileType = folder.assetcatalog; path = "Preview Assets.xcassets"; sourceTree = "<group>"; };
		1EDE108E2934FEEC00B64384 /* ZenQuotesTests.xctest */ = {isa = PBXFileReference; explicitFileType = wrapper.cfbundle; includeInIndex = 0; path = ZenQuotesTests.xctest; sourceTree = BUILT_PRODUCTS_DIR; };
		1EDE10982934FEEC00B64384 /* ZenQuotesUITests.xctest */ = {isa = PBXFileReference; explicitFileType = wrapper.cfbundle; includeInIndex = 0; path = ZenQuotesUITests.xctest; sourceTree = BUILT_PRODUCTS_DIR; };
		1EDE109C2934FEEC00B64384 /* DuneQuotesUITests.swift */ = {isa = PBXFileReference; lastKnownFileType = sourcecode.swift; path = DuneQuotesUITests.swift; sourceTree = "<group>"; };
		1EDE109E2934FEEC00B64384 /* DuneQuotesUITestsLaunchTests.swift */ = {isa = PBXFileReference; lastKnownFileType = sourcecode.swift; path = DuneQuotesUITestsLaunchTests.swift; sourceTree = "<group>"; };
		1EDE10AB29351AC000B64384 /* NetworkingManager.swift */ = {isa = PBXFileReference; lastKnownFileType = sourcecode.swift; path = NetworkingManager.swift; sourceTree = "<group>"; };
		1EDE10AD29351EAA00B64384 /* APIError.swift */ = {isa = PBXFileReference; lastKnownFileType = sourcecode.swift; path = APIError.swift; sourceTree = "<group>"; };
		1EDE10B1293909D900B64384 /* Quote.swift */ = {isa = PBXFileReference; lastKnownFileType = sourcecode.swift; path = Quote.swift; sourceTree = "<group>"; };
		1EDE10B729390E8300B64384 /* APIEndpoint.swift */ = {isa = PBXFileReference; lastKnownFileType = sourcecode.swift; path = APIEndpoint.swift; sourceTree = "<group>"; };
		1EDE10BE2939115D00B64384 /* HomeViewModel.swift */ = {isa = PBXFileReference; lastKnownFileType = sourcecode.swift; path = HomeViewModel.swift; sourceTree = "<group>"; };
		1EDE10C0293A8B4B00B64384 /* APIFetchState.swift */ = {isa = PBXFileReference; lastKnownFileType = sourcecode.swift; path = APIFetchState.swift; sourceTree = "<group>"; };
		1EDE10C2293A99A700B64384 /* APIEndpointTests.swift */ = {isa = PBXFileReference; lastKnownFileType = sourcecode.swift; path = APIEndpointTests.swift; sourceTree = "<group>"; };
		1EDE10C4293AAC6300B64384 /* MockURLSessionProtocol.swift */ = {isa = PBXFileReference; lastKnownFileType = sourcecode.swift; path = MockURLSessionProtocol.swift; sourceTree = "<group>"; };
		1EDE10CA293AAE6400B64384 /* NetworkingManagerTests.swift */ = {isa = PBXFileReference; lastKnownFileType = sourcecode.swift; path = NetworkingManagerTests.swift; sourceTree = "<group>"; };
		1EDE10CD293ABA3900B64384 /* Quotes.json */ = {isa = PBXFileReference; fileEncoding = 4; lastKnownFileType = text.json; path = Quotes.json; sourceTree = "<group>"; };
		1EDE10CF293ABE2000B64384 /* StaticJSONMapper.swift */ = {isa = PBXFileReference; lastKnownFileType = sourcecode.swift; path = StaticJSONMapper.swift; sourceTree = "<group>"; };
		1EDE10D2293B1C8B00B64384 /* PersistenceController.swift */ = {isa = PBXFileReference; lastKnownFileType = sourcecode.swift; path = PersistenceController.swift; sourceTree = "<group>"; };
		1EDE10D8293C6C1B00B64384 /* Storage.xcdatamodel */ = {isa = PBXFileReference; lastKnownFileType = wrapper.xcdatamodel; path = Storage.xcdatamodel; sourceTree = "<group>"; };
/* End PBXFileReference section */

/* Begin PBXFrameworksBuildPhase section */
		1EDE107B2934FEE800B64384 /* Frameworks */ = {
			isa = PBXFrameworksBuildPhase;
			buildActionMask = 2147483647;
			files = (
			);
			runOnlyForDeploymentPostprocessing = 0;
		};
		1EDE108B2934FEEC00B64384 /* Frameworks */ = {
			isa = PBXFrameworksBuildPhase;
			buildActionMask = 2147483647;
			files = (
			);
			runOnlyForDeploymentPostprocessing = 0;
		};
		1EDE10952934FEEC00B64384 /* Frameworks */ = {
			isa = PBXFrameworksBuildPhase;
			buildActionMask = 2147483647;
			files = (
			);
			runOnlyForDeploymentPostprocessing = 0;
		};
/* End PBXFrameworksBuildPhase section */

/* Begin PBXGroup section */
		1EDE10752934FEE800B64384 = {
			isa = PBXGroup;
			children = (
				1EDE10802934FEE800B64384 /* ZenQuotes */,
				1EDE10912934FEEC00B64384 /* ZenQuotesTests */,
				1EDE109B2934FEEC00B64384 /* ZenQuotesUITests */,
				1EDE107F2934FEE800B64384 /* Products */,
			);
			sourceTree = "<group>";
		};
		1EDE107F2934FEE800B64384 /* Products */ = {
			isa = PBXGroup;
			children = (
				1EDE107E2934FEE800B64384 /* ZenQuotes.app */,
				1EDE108E2934FEEC00B64384 /* ZenQuotesTests.xctest */,
				1EDE10982934FEEC00B64384 /* ZenQuotesUITests.xctest */,
			);
			name = Products;
			sourceTree = "<group>";
		};
		1EDE10802934FEE800B64384 /* ZenQuotes */ = {
			isa = PBXGroup;
			children = (
				1EDE10812934FEE800B64384 /* ZenQuotesApp.swift */,
				1EDE10BA29390F0C00B64384 /* Views */,
				1EDE10BD2939113600B64384 /* ViewModels */,
				1EDE10B629390E6100B64384 /* API */,
				1EDE10D1293B1C7500B64384 /* CoreData */,
				1EDE10B929390EB400B64384 /* Models */,
				1EDE10852934FEEB00B64384 /* Assets.xcassets */,
				1EDE10CC293AB8EC00B64384 /* Resources */,
				1EDE10872934FEEB00B64384 /* Preview Content */,
			);
			path = ZenQuotes;
			sourceTree = "<group>";
		};
		1EDE10872934FEEB00B64384 /* Preview Content */ = {
			isa = PBXGroup;
			children = (
				1EDE10882934FEEB00B64384 /* Preview Assets.xcassets */,
			);
			path = "Preview Content";
			sourceTree = "<group>";
		};
		1EDE10912934FEEC00B64384 /* ZenQuotesTests */ = {
			isa = PBXGroup;
			children = (
				1EDE10C6293AAE0400B64384 /* Networking */,
			);
			path = ZenQuotesTests;
			sourceTree = "<group>";
		};
		1EDE109B2934FEEC00B64384 /* ZenQuotesUITests */ = {
			isa = PBXGroup;
			children = (
				1EDE109C2934FEEC00B64384 /* DuneQuotesUITests.swift */,
				1EDE109E2934FEEC00B64384 /* DuneQuotesUITestsLaunchTests.swift */,
			);
			path = ZenQuotesUITests;
			sourceTree = "<group>";
		};
		1EDE10B629390E6100B64384 /* API */ = {
			isa = PBXGroup;
			children = (
				1EDE10AB29351AC000B64384 /* NetworkingManager.swift */,
				1EDE10C0293A8B4B00B64384 /* APIFetchState.swift */,
				1EDE10B729390E8300B64384 /* APIEndpoint.swift */,
				1EDE10AD29351EAA00B64384 /* APIError.swift */,
			);
			path = API;
			sourceTree = "<group>";
		};
		1EDE10B929390EB400B64384 /* Models */ = {
			isa = PBXGroup;
			children = (
				1EDE10B1293909D900B64384 /* Quote.swift */,
			);
			path = Models;
			sourceTree = "<group>";
		};
		1EDE10BA29390F0C00B64384 /* Views */ = {
			isa = PBXGroup;
			children = (
				1EDE10832934FEE800B64384 /* HomeView.swift */,
			);
			path = Views;
			sourceTree = "<group>";
		};
		1EDE10BD2939113600B64384 /* ViewModels */ = {
			isa = PBXGroup;
			children = (
				1EDE10BE2939115D00B64384 /* HomeViewModel.swift */,
			);
			path = ViewModels;
			sourceTree = "<group>";
		};
		1EDE10C6293AAE0400B64384 /* Networking */ = {
			isa = PBXGroup;
			children = (
				1EDE10C9293AAE3100B64384 /* NetworkingManager */,
				1EDE10C8293AAE2600B64384 /* Mocks */,
				1EDE10C7293AAE1800B64384 /* Endpoint */,
			);
			path = Networking;
			sourceTree = "<group>";
		};
		1EDE10C7293AAE1800B64384 /* Endpoint */ = {
			isa = PBXGroup;
			children = (
				1EDE10C2293A99A700B64384 /* APIEndpointTests.swift */,
			);
			path = Endpoint;
			sourceTree = "<group>";
		};
		1EDE10C8293AAE2600B64384 /* Mocks */ = {
			isa = PBXGroup;
			children = (
				1EDE10C4293AAC6300B64384 /* MockURLSessionProtocol.swift */,
			);
			path = Mocks;
			sourceTree = "<group>";
		};
		1EDE10C9293AAE3100B64384 /* NetworkingManager */ = {
			isa = PBXGroup;
			children = (
				1EDE10CA293AAE6400B64384 /* NetworkingManagerTests.swift */,
			);
			path = NetworkingManager;
			sourceTree = "<group>";
		};
		1EDE10CC293AB8EC00B64384 /* Resources */ = {
			isa = PBXGroup;
			children = (
				1EDE10CD293ABA3900B64384 /* Quotes.json */,
				1EDE10CF293ABE2000B64384 /* StaticJSONMapper.swift */,
			);
			path = Resources;
			sourceTree = "<group>";
		};
		1EDE10D1293B1C7500B64384 /* CoreData */ = {
			isa = PBXGroup;
			children = (
				1EDE10D2293B1C8B00B64384 /* PersistenceController.swift */,
				1EDE10D7293C6C1B00B64384 /* Storage.xcdatamodeld */,
			);
			path = CoreData;
			sourceTree = "<group>";
		};
/* End PBXGroup section */

/* Begin PBXNativeTarget section */
		1EDE107D2934FEE800B64384 /* ZenQuotes */ = {
			isa = PBXNativeTarget;
			buildConfigurationList = 1EDE10A22934FEEC00B64384 /* Build configuration list for PBXNativeTarget "ZenQuotes" */;
			buildPhases = (
				1EDE107A2934FEE800B64384 /* Sources */,
				1EDE107B2934FEE800B64384 /* Frameworks */,
				1EDE107C2934FEE800B64384 /* Resources */,
			);
			buildRules = (
			);
			dependencies = (
			);
			name = ZenQuotes;
			productName = DuneQuotes;
			productReference = 1EDE107E2934FEE800B64384 /* ZenQuotes.app */;
			productType = "com.apple.product-type.application";
		};
		1EDE108D2934FEEC00B64384 /* ZenQuotesTests */ = {
			isa = PBXNativeTarget;
			buildConfigurationList = 1EDE10A52934FEEC00B64384 /* Build configuration list for PBXNativeTarget "ZenQuotesTests" */;
			buildPhases = (
				1EDE108A2934FEEC00B64384 /* Sources */,
				1EDE108B2934FEEC00B64384 /* Frameworks */,
				1EDE108C2934FEEC00B64384 /* Resources */,
			);
			buildRules = (
			);
			dependencies = (
				1EDE10902934FEEC00B64384 /* PBXTargetDependency */,
			);
			name = ZenQuotesTests;
			productName = DuneQuotesTests;
			productReference = 1EDE108E2934FEEC00B64384 /* ZenQuotesTests.xctest */;
			productType = "com.apple.product-type.bundle.unit-test";
		};
		1EDE10972934FEEC00B64384 /* ZenQuotesUITests */ = {
			isa = PBXNativeTarget;
			buildConfigurationList = 1EDE10A82934FEEC00B64384 /* Build configuration list for PBXNativeTarget "ZenQuotesUITests" */;
			buildPhases = (
				1EDE10942934FEEC00B64384 /* Sources */,
				1EDE10952934FEEC00B64384 /* Frameworks */,
				1EDE10962934FEEC00B64384 /* Resources */,
			);
			buildRules = (
			);
			dependencies = (
				1EDE109A2934FEEC00B64384 /* PBXTargetDependency */,
			);
			name = ZenQuotesUITests;
			productName = DuneQuotesUITests;
			productReference = 1EDE10982934FEEC00B64384 /* ZenQuotesUITests.xctest */;
			productType = "com.apple.product-type.bundle.ui-testing";
		};
/* End PBXNativeTarget section */

/* Begin PBXProject section */
		1EDE10762934FEE800B64384 /* Project object */ = {
			isa = PBXProject;
			attributes = {
				BuildIndependentTargetsInParallel = 1;
				LastSwiftUpdateCheck = 1410;
				LastUpgradeCheck = 1410;
				TargetAttributes = {
					1EDE107D2934FEE800B64384 = {
						CreatedOnToolsVersion = 14.1;
					};
					1EDE108D2934FEEC00B64384 = {
						CreatedOnToolsVersion = 14.1;
						LastSwiftMigration = 1410;
						TestTargetID = 1EDE107D2934FEE800B64384;
					};
					1EDE10972934FEEC00B64384 = {
						CreatedOnToolsVersion = 14.1;
						TestTargetID = 1EDE107D2934FEE800B64384;
					};
				};
			};
			buildConfigurationList = 1EDE10792934FEE800B64384 /* Build configuration list for PBXProject "ZenQuotes" */;
			compatibilityVersion = "Xcode 14.0";
			developmentRegion = en;
			hasScannedForEncodings = 0;
			knownRegions = (
				en,
				Base,
			);
			mainGroup = 1EDE10752934FEE800B64384;
			productRefGroup = 1EDE107F2934FEE800B64384 /* Products */;
			projectDirPath = "";
			projectRoot = "";
			targets = (
				1EDE107D2934FEE800B64384 /* ZenQuotes */,
				1EDE108D2934FEEC00B64384 /* ZenQuotesTests */,
				1EDE10972934FEEC00B64384 /* ZenQuotesUITests */,
			);
		};
/* End PBXProject section */

/* Begin PBXResourcesBuildPhase section */
		1EDE107C2934FEE800B64384 /* Resources */ = {
			isa = PBXResourcesBuildPhase;
			buildActionMask = 2147483647;
			files = (
				1EDE10892934FEEB00B64384 /* Preview Assets.xcassets in Resources */,
				1EDE10CE293ABA3A00B64384 /* Quotes.json in Resources */,
				1EDE10862934FEEB00B64384 /* Assets.xcassets in Resources */,
			);
			runOnlyForDeploymentPostprocessing = 0;
		};
		1EDE108C2934FEEC00B64384 /* Resources */ = {
			isa = PBXResourcesBuildPhase;
			buildActionMask = 2147483647;
			files = (
			);
			runOnlyForDeploymentPostprocessing = 0;
		};
		1EDE10962934FEEC00B64384 /* Resources */ = {
			isa = PBXResourcesBuildPhase;
			buildActionMask = 2147483647;
			files = (
			);
			runOnlyForDeploymentPostprocessing = 0;
		};
/* End PBXResourcesBuildPhase section */

/* Begin PBXSourcesBuildPhase section */
		1EDE107A2934FEE800B64384 /* Sources */ = {
			isa = PBXSourcesBuildPhase;
			buildActionMask = 2147483647;
			files = (
				1EDE10B829390E8300B64384 /* APIEndpoint.swift in Sources */,
				1EDE10AE29351EAA00B64384 /* APIError.swift in Sources */,
				1EDE10D0293ABE2000B64384 /* StaticJSONMapper.swift in Sources */,
				1EDE10BF2939115D00B64384 /* HomeViewModel.swift in Sources */,
				1EDE10842934FEE800B64384 /* HomeView.swift in Sources */,
				1EDE10C1293A8B4B00B64384 /* APIFetchState.swift in Sources */,
				1EDE10AC29351AC000B64384 /* NetworkingManager.swift in Sources */,
				1EDE10D3293B1C8B00B64384 /* PersistenceController.swift in Sources */,
				1EDE10B2293909D900B64384 /* Quote.swift in Sources */,
				1EDE10D9293C6C1B00B64384 /* Storage.xcdatamodeld in Sources */,
				1EDE10822934FEE800B64384 /* ZenQuotesApp.swift in Sources */,
			);
			runOnlyForDeploymentPostprocessing = 0;
		};
		1EDE108A2934FEEC00B64384 /* Sources */ = {
			isa = PBXSourcesBuildPhase;
			buildActionMask = 2147483647;
			files = (
				1EDE10C5293AAC6300B64384 /* MockURLSessionProtocol.swift in Sources */,
				1EDE10C3293A99A700B64384 /* APIEndpointTests.swift in Sources */,
				1EDE10CB293AAE6400B64384 /* NetworkingManagerTests.swift in Sources */,
			);
			runOnlyForDeploymentPostprocessing = 0;
		};
		1EDE10942934FEEC00B64384 /* Sources */ = {
			isa = PBXSourcesBuildPhase;
			buildActionMask = 2147483647;
			files = (
				1EDE109D2934FEEC00B64384 /* DuneQuotesUITests.swift in Sources */,
				1EDE109F2934FEEC00B64384 /* DuneQuotesUITestsLaunchTests.swift in Sources */,
			);
			runOnlyForDeploymentPostprocessing = 0;
		};
/* End PBXSourcesBuildPhase section */

/* Begin PBXTargetDependency section */
		1EDE10902934FEEC00B64384 /* PBXTargetDependency */ = {
			isa = PBXTargetDependency;
			target = 1EDE107D2934FEE800B64384 /* ZenQuotes */;
			targetProxy = 1EDE108F2934FEEC00B64384 /* PBXContainerItemProxy */;
		};
		1EDE109A2934FEEC00B64384 /* PBXTargetDependency */ = {
			isa = PBXTargetDependency;
			target = 1EDE107D2934FEE800B64384 /* ZenQuotes */;
			targetProxy = 1EDE10992934FEEC00B64384 /* PBXContainerItemProxy */;
		};
/* End PBXTargetDependency section */

/* Begin XCBuildConfiguration section */
		1EDE10A02934FEEC00B64384 /* Debug */ = {
			isa = XCBuildConfiguration;
			buildSettings = {
				ALWAYS_SEARCH_USER_PATHS = NO;
				CLANG_ANALYZER_NONNULL = YES;
				CLANG_ANALYZER_NUMBER_OBJECT_CONVERSION = YES_AGGRESSIVE;
				CLANG_CXX_LANGUAGE_STANDARD = "gnu++20";
				CLANG_ENABLE_MODULES = YES;
				CLANG_ENABLE_OBJC_ARC = YES;
				CLANG_ENABLE_OBJC_WEAK = YES;
				CLANG_WARN_BLOCK_CAPTURE_AUTORELEASING = YES;
				CLANG_WARN_BOOL_CONVERSION = YES;
				CLANG_WARN_COMMA = YES;
				CLANG_WARN_CONSTANT_CONVERSION = YES;
				CLANG_WARN_DEPRECATED_OBJC_IMPLEMENTATIONS = YES;
				CLANG_WARN_DIRECT_OBJC_ISA_USAGE = YES_ERROR;
				CLANG_WARN_DOCUMENTATION_COMMENTS = YES;
				CLANG_WARN_EMPTY_BODY = YES;
				CLANG_WARN_ENUM_CONVERSION = YES;
				CLANG_WARN_INFINITE_RECURSION = YES;
				CLANG_WARN_INT_CONVERSION = YES;
				CLANG_WARN_NON_LITERAL_NULL_CONVERSION = YES;
				CLANG_WARN_OBJC_IMPLICIT_RETAIN_SELF = YES;
				CLANG_WARN_OBJC_LITERAL_CONVERSION = YES;
				CLANG_WARN_OBJC_ROOT_CLASS = YES_ERROR;
				CLANG_WARN_QUOTED_INCLUDE_IN_FRAMEWORK_HEADER = YES;
				CLANG_WARN_RANGE_LOOP_ANALYSIS = YES;
				CLANG_WARN_STRICT_PROTOTYPES = YES;
				CLANG_WARN_SUSPICIOUS_MOVE = YES;
				CLANG_WARN_UNGUARDED_AVAILABILITY = YES_AGGRESSIVE;
				CLANG_WARN_UNREACHABLE_CODE = YES;
				CLANG_WARN__DUPLICATE_METHOD_MATCH = YES;
				COPY_PHASE_STRIP = NO;
				DEBUG_INFORMATION_FORMAT = dwarf;
				ENABLE_STRICT_OBJC_MSGSEND = YES;
				ENABLE_TESTABILITY = YES;
				GCC_C_LANGUAGE_STANDARD = gnu11;
				GCC_DYNAMIC_NO_PIC = NO;
				GCC_NO_COMMON_BLOCKS = YES;
				GCC_OPTIMIZATION_LEVEL = 0;
				GCC_PREPROCESSOR_DEFINITIONS = (
					"DEBUG=1",
					"$(inherited)",
				);
				GCC_WARN_64_TO_32_BIT_CONVERSION = YES;
				GCC_WARN_ABOUT_RETURN_TYPE = YES_ERROR;
				GCC_WARN_UNDECLARED_SELECTOR = YES;
				GCC_WARN_UNINITIALIZED_AUTOS = YES_AGGRESSIVE;
				GCC_WARN_UNUSED_FUNCTION = YES;
				GCC_WARN_UNUSED_VARIABLE = YES;
				IPHONEOS_DEPLOYMENT_TARGET = 16.1;
				MTL_ENABLE_DEBUG_INFO = INCLUDE_SOURCE;
				MTL_FAST_MATH = YES;
				ONLY_ACTIVE_ARCH = YES;
				SDKROOT = iphoneos;
				SWIFT_ACTIVE_COMPILATION_CONDITIONS = DEBUG;
				SWIFT_OPTIMIZATION_LEVEL = "-Onone";
			};
			name = Debug;
		};
		1EDE10A12934FEEC00B64384 /* Release */ = {
			isa = XCBuildConfiguration;
			buildSettings = {
				ALWAYS_SEARCH_USER_PATHS = NO;
				CLANG_ANALYZER_NONNULL = YES;
				CLANG_ANALYZER_NUMBER_OBJECT_CONVERSION = YES_AGGRESSIVE;
				CLANG_CXX_LANGUAGE_STANDARD = "gnu++20";
				CLANG_ENABLE_MODULES = YES;
				CLANG_ENABLE_OBJC_ARC = YES;
				CLANG_ENABLE_OBJC_WEAK = YES;
				CLANG_WARN_BLOCK_CAPTURE_AUTORELEASING = YES;
				CLANG_WARN_BOOL_CONVERSION = YES;
				CLANG_WARN_COMMA = YES;
				CLANG_WARN_CONSTANT_CONVERSION = YES;
				CLANG_WARN_DEPRECATED_OBJC_IMPLEMENTATIONS = YES;
				CLANG_WARN_DIRECT_OBJC_ISA_USAGE = YES_ERROR;
				CLANG_WARN_DOCUMENTATION_COMMENTS = YES;
				CLANG_WARN_EMPTY_BODY = YES;
				CLANG_WARN_ENUM_CONVERSION = YES;
				CLANG_WARN_INFINITE_RECURSION = YES;
				CLANG_WARN_INT_CONVERSION = YES;
				CLANG_WARN_NON_LITERAL_NULL_CONVERSION = YES;
				CLANG_WARN_OBJC_IMPLICIT_RETAIN_SELF = YES;
				CLANG_WARN_OBJC_LITERAL_CONVERSION = YES;
				CLANG_WARN_OBJC_ROOT_CLASS = YES_ERROR;
				CLANG_WARN_QUOTED_INCLUDE_IN_FRAMEWORK_HEADER = YES;
				CLANG_WARN_RANGE_LOOP_ANALYSIS = YES;
				CLANG_WARN_STRICT_PROTOTYPES = YES;
				CLANG_WARN_SUSPICIOUS_MOVE = YES;
				CLANG_WARN_UNGUARDED_AVAILABILITY = YES_AGGRESSIVE;
				CLANG_WARN_UNREACHABLE_CODE = YES;
				CLANG_WARN__DUPLICATE_METHOD_MATCH = YES;
				COPY_PHASE_STRIP = NO;
				DEBUG_INFORMATION_FORMAT = "dwarf-with-dsym";
				ENABLE_NS_ASSERTIONS = NO;
				ENABLE_STRICT_OBJC_MSGSEND = YES;
				GCC_C_LANGUAGE_STANDARD = gnu11;
				GCC_NO_COMMON_BLOCKS = YES;
				GCC_WARN_64_TO_32_BIT_CONVERSION = YES;
				GCC_WARN_ABOUT_RETURN_TYPE = YES_ERROR;
				GCC_WARN_UNDECLARED_SELECTOR = YES;
				GCC_WARN_UNINITIALIZED_AUTOS = YES_AGGRESSIVE;
				GCC_WARN_UNUSED_FUNCTION = YES;
				GCC_WARN_UNUSED_VARIABLE = YES;
				IPHONEOS_DEPLOYMENT_TARGET = 16.1;
				MTL_ENABLE_DEBUG_INFO = NO;
				MTL_FAST_MATH = YES;
				SDKROOT = iphoneos;
				SWIFT_COMPILATION_MODE = wholemodule;
				SWIFT_OPTIMIZATION_LEVEL = "-O";
				VALIDATE_PRODUCT = YES;
			};
			name = Release;
		};
		1EDE10A32934FEEC00B64384 /* Debug */ = {
			isa = XCBuildConfiguration;
			buildSettings = {
				ASSETCATALOG_COMPILER_APPICON_NAME = AppIcon;
				ASSETCATALOG_COMPILER_GLOBAL_ACCENT_COLOR_NAME = AccentColor;
				CODE_SIGN_STYLE = Automatic;
				CURRENT_PROJECT_VERSION = 1;
				DEVELOPMENT_ASSET_PATHS = "\"ZenQuotes/Preview Content\"";
				DEVELOPMENT_TEAM = 35QFZC39DW;
				ENABLE_PREVIEWS = YES;
				GENERATE_INFOPLIST_FILE = YES;
				INFOPLIST_KEY_LSApplicationCategoryType = "public.app-category.books";
				INFOPLIST_KEY_UIApplicationSceneManifest_Generation = YES;
				INFOPLIST_KEY_UIApplicationSupportsIndirectInputEvents = YES;
				INFOPLIST_KEY_UILaunchScreen_Generation = YES;
				INFOPLIST_KEY_UISupportedInterfaceOrientations_iPad = "UIInterfaceOrientationPortrait UIInterfaceOrientationPortraitUpsideDown UIInterfaceOrientationLandscapeLeft UIInterfaceOrientationLandscapeRight";
				INFOPLIST_KEY_UISupportedInterfaceOrientations_iPhone = "UIInterfaceOrientationPortrait UIInterfaceOrientationLandscapeLeft UIInterfaceOrientationLandscapeRight";
				LD_RUNPATH_SEARCH_PATHS = (
					"$(inherited)",
					"@executable_path/Frameworks",
				);
				MARKETING_VERSION = 1.0;
				PRODUCT_BUNDLE_IDENTIFIER = co.songpark.ZenQuotes;
				PRODUCT_NAME = "$(TARGET_NAME)";
				SWIFT_EMIT_LOC_STRINGS = YES;
				SWIFT_VERSION = 5.0;
				TARGETED_DEVICE_FAMILY = "1,2";
			};
			name = Debug;
		};
		1EDE10A42934FEEC00B64384 /* Release */ = {
			isa = XCBuildConfiguration;
			buildSettings = {
				ASSETCATALOG_COMPILER_APPICON_NAME = AppIcon;
				ASSETCATALOG_COMPILER_GLOBAL_ACCENT_COLOR_NAME = AccentColor;
				CODE_SIGN_STYLE = Automatic;
				CURRENT_PROJECT_VERSION = 1;
				DEVELOPMENT_ASSET_PATHS = "\"ZenQuotes/Preview Content\"";
				DEVELOPMENT_TEAM = 35QFZC39DW;
				ENABLE_PREVIEWS = YES;
				GENERATE_INFOPLIST_FILE = YES;
				INFOPLIST_KEY_LSApplicationCategoryType = "public.app-category.books";
				INFOPLIST_KEY_UIApplicationSceneManifest_Generation = YES;
				INFOPLIST_KEY_UIApplicationSupportsIndirectInputEvents = YES;
				INFOPLIST_KEY_UILaunchScreen_Generation = YES;
				INFOPLIST_KEY_UISupportedInterfaceOrientations_iPad = "UIInterfaceOrientationPortrait UIInterfaceOrientationPortraitUpsideDown UIInterfaceOrientationLandscapeLeft UIInterfaceOrientationLandscapeRight";
				INFOPLIST_KEY_UISupportedInterfaceOrientations_iPhone = "UIInterfaceOrientationPortrait UIInterfaceOrientationLandscapeLeft UIInterfaceOrientationLandscapeRight";
				LD_RUNPATH_SEARCH_PATHS = (
					"$(inherited)",
					"@executable_path/Frameworks",
				);
				MARKETING_VERSION = 1.0;
				PRODUCT_BUNDLE_IDENTIFIER = co.songpark.ZenQuotes;
				PRODUCT_NAME = "$(TARGET_NAME)";
				SWIFT_EMIT_LOC_STRINGS = YES;
				SWIFT_VERSION = 5.0;
				TARGETED_DEVICE_FAMILY = "1,2";
			};
			name = Release;
		};
		1EDE10A62934FEEC00B64384 /* Debug */ = {
			isa = XCBuildConfiguration;
			buildSettings = {
				ALWAYS_EMBED_SWIFT_STANDARD_LIBRARIES = YES;
				BUNDLE_LOADER = "$(TEST_HOST)";
				CLANG_ENABLE_MODULES = YES;
				CODE_SIGN_STYLE = Automatic;
				CURRENT_PROJECT_VERSION = 1;
				DEVELOPMENT_TEAM = 35QFZC39DW;
				GENERATE_INFOPLIST_FILE = YES;
				IPHONEOS_DEPLOYMENT_TARGET = 16.1;
				LD_RUNPATH_SEARCH_PATHS = (
					"$(inherited)",
					"@executable_path/Frameworks",
					"@loader_path/Frameworks",
				);
				MARKETING_VERSION = 1.0;
				PRODUCT_BUNDLE_IDENTIFIER = co.songpark.DuneQuotesTests;
				PRODUCT_NAME = "$(TARGET_NAME)";
				SWIFT_EMIT_LOC_STRINGS = NO;
				SWIFT_OPTIMIZATION_LEVEL = "-Onone";
				SWIFT_VERSION = 5.0;
				TARGETED_DEVICE_FAMILY = "1,2";
				TEST_HOST = "$(BUILT_PRODUCTS_DIR)/ZenQuotes.app/$(BUNDLE_EXECUTABLE_FOLDER_PATH)/ZenQuotes";
			};
			name = Debug;
		};
		1EDE10A72934FEEC00B64384 /* Release */ = {
			isa = XCBuildConfiguration;
			buildSettings = {
				ALWAYS_EMBED_SWIFT_STANDARD_LIBRARIES = YES;
				BUNDLE_LOADER = "$(TEST_HOST)";
				CLANG_ENABLE_MODULES = YES;
				CODE_SIGN_STYLE = Automatic;
				CURRENT_PROJECT_VERSION = 1;
				DEVELOPMENT_TEAM = 35QFZC39DW;
				GENERATE_INFOPLIST_FILE = YES;
				IPHONEOS_DEPLOYMENT_TARGET = 16.1;
				LD_RUNPATH_SEARCH_PATHS = (
					"$(inherited)",
					"@executable_path/Frameworks",
					"@loader_path/Frameworks",
				);
				MARKETING_VERSION = 1.0;
				PRODUCT_BUNDLE_IDENTIFIER = co.songpark.DuneQuotesTests;
				PRODUCT_NAME = "$(TARGET_NAME)";
				SWIFT_EMIT_LOC_STRINGS = NO;
				SWIFT_VERSION = 5.0;
				TARGETED_DEVICE_FAMILY = "1,2";
				TEST_HOST = "$(BUILT_PRODUCTS_DIR)/ZenQuotes.app/$(BUNDLE_EXECUTABLE_FOLDER_PATH)/ZenQuotes";
			};
			name = Release;
		};
		1EDE10A92934FEEC00B64384 /* Debug */ = {
			isa = XCBuildConfiguration;
			buildSettings = {
				ALWAYS_EMBED_SWIFT_STANDARD_LIBRARIES = YES;
				CODE_SIGN_STYLE = Automatic;
				CURRENT_PROJECT_VERSION = 1;
				DEVELOPMENT_TEAM = 35QFZC39DW;
				GENERATE_INFOPLIST_FILE = YES;
				MARKETING_VERSION = 1.0;
				PRODUCT_BUNDLE_IDENTIFIER = co.songpark.DuneQuotesUITests;
				PRODUCT_NAME = "$(TARGET_NAME)";
				SWIFT_EMIT_LOC_STRINGS = NO;
				SWIFT_VERSION = 5.0;
				TARGETED_DEVICE_FAMILY = "1,2";
				TEST_TARGET_NAME = DuneQuotes;
			};
			name = Debug;
		};
		1EDE10AA2934FEEC00B64384 /* Release */ = {
			isa = XCBuildConfiguration;
			buildSettings = {
				ALWAYS_EMBED_SWIFT_STANDARD_LIBRARIES = YES;
				CODE_SIGN_STYLE = Automatic;
				CURRENT_PROJECT_VERSION = 1;
				DEVELOPMENT_TEAM = 35QFZC39DW;
				GENERATE_INFOPLIST_FILE = YES;
				MARKETING_VERSION = 1.0;
				PRODUCT_BUNDLE_IDENTIFIER = co.songpark.DuneQuotesUITests;
				PRODUCT_NAME = "$(TARGET_NAME)";
				SWIFT_EMIT_LOC_STRINGS = NO;
				SWIFT_VERSION = 5.0;
				TARGETED_DEVICE_FAMILY = "1,2";
				TEST_TARGET_NAME = DuneQuotes;
			};
			name = Release;
		};
/* End XCBuildConfiguration section */

/* Begin XCConfigurationList section */
		1EDE10792934FEE800B64384 /* Build configuration list for PBXProject "ZenQuotes" */ = {
			isa = XCConfigurationList;
			buildConfigurations = (
				1EDE10A02934FEEC00B64384 /* Debug */,
				1EDE10A12934FEEC00B64384 /* Release */,
			);
			defaultConfigurationIsVisible = 0;
			defaultConfigurationName = Release;
		};
		1EDE10A22934FEEC00B64384 /* Build configuration list for PBXNativeTarget "ZenQuotes" */ = {
			isa = XCConfigurationList;
			buildConfigurations = (
				1EDE10A32934FEEC00B64384 /* Debug */,
				1EDE10A42934FEEC00B64384 /* Release */,
			);
			defaultConfigurationIsVisible = 0;
			defaultConfigurationName = Release;
		};
		1EDE10A52934FEEC00B64384 /* Build configuration list for PBXNativeTarget "ZenQuotesTests" */ = {
			isa = XCConfigurationList;
			buildConfigurations = (
				1EDE10A62934FEEC00B64384 /* Debug */,
				1EDE10A72934FEEC00B64384 /* Release */,
			);
			defaultConfigurationIsVisible = 0;
			defaultConfigurationName = Release;
		};
		1EDE10A82934FEEC00B64384 /* Build configuration list for PBXNativeTarget "ZenQuotesUITests" */ = {
			isa = XCConfigurationList;
			buildConfigurations = (
				1EDE10A92934FEEC00B64384 /* Debug */,
				1EDE10AA2934FEEC00B64384 /* Release */,
			);
			defaultConfigurationIsVisible = 0;
			defaultConfigurationName = Release;
		};
/* End XCConfigurationList section */

/* Begin XCVersionGroup section */
		1EDE10D7293C6C1B00B64384 /* Storage.xcdatamodeld */ = {
			isa = XCVersionGroup;
			children = (
				1EDE10D8293C6C1B00B64384 /* Storage.xcdatamodel */,
			);
			currentVersion = 1EDE10D8293C6C1B00B64384 /* Storage.xcdatamodel */;
			path = Storage.xcdatamodeld;
			sourceTree = "<group>";
			versionGroupType = wrapper.xcdatamodel;
		};
/* End XCVersionGroup section */
	};
	rootObject = 1EDE10762934FEE800B64384 /* Project object */;
}
